
Microsoft Visual Studio Solution File, Format Version 12.00
# Visual Studio Version 17
VisualStudioVersion = 17.7.34024.191
MinimumVisualStudioVersion = 10.0.40219.1
Project("{8BC9CEB8-8B4A-11D0-8D11-00A0C91BC942}") = "기말 대비 상속과 다형성", "기말 대비 상속과 다형성\기말 대비 상속과 다형성.vcxproj", "{12A16B74-F401-4FE8-92E2-4A54B346D6C7}"
EndProject
Project("{8BC9CEB8-8B4A-11D0-8D11-00A0C91BC942}") = "상속", "상속\상속.vcxproj", "{71DCEB2E-2C95-4965-8D03-38EABBC5CA43}"
EndProject
Project("{8BC9CEB8-8B4A-11D0-8D11-00A0C91BC942}") = "다형성", "다형성\다형성.vcxproj", "{664673FE-BF5B-45FD-B1BC-0B3E8AD6D3A3}"
EndProject
Project("{8BC9CEB8-8B4A-11D0-8D11-00A0C91BC942}") = "다형성을 이용한 문제", "다형성을 이용한 문제\다형성을 이용한 문제.vcxproj", "{5F852D28-8185-48EB-88F0-4777A4F887BE}"
EndProject
Global
	GlobalSection(SolutionConfigurationPlatforms) = preSolution
		Debug|x64 = Debug|x64
		Debug|x86 = Debug|x86
		Release|x64 = Release|x64
		Release|x86 = Release|x86
	EndGlobalSection
	GlobalSection(ProjectConfigurationPlatforms) = postSolution
		{12A16B74-F401-4FE8-92E2-4A54B346D6C7}.Debug|x64.ActiveCfg = Debug|x64
		{12A16B74-F401-4FE8-92E2-4A54B346D6C7}.Debug|x64.Build.0 = Debug|x64
		{12A16B74-F401-4FE8-92E2-4A54B346D6C7}.Debug|x86.ActiveCfg = Debug|Win32
		{12A16B74-F401-4FE8-92E2-4A54B346D6C7}.Debug|x86.Build.0 = Debug|Win32
		{12A16B74-F401-4FE8-92E2-4A54B346D6C7}.Release|x64.ActiveCfg = Release|x64
		{12A16B74-F401-4FE8-92E2-4A54B346D6C7}.Release|x64.Build.0 = Release|x64
		{12A16B74-F401-4FE8-92E2-4A54B346D6C7}.Release|x86.ActiveCfg = Release|Win32
		{12A16B74-F401-4FE8-92E2-4A54B346D6C7}.Release|x86.Build.0 = Release|Win32
		{71DCEB2E-2C95-4965-8D03-38EABBC5CA43}.Debug|x64.ActiveCfg = Debug|x64
		{71DCEB2E-2C95-4965-8D03-38EABBC5CA43}.Debug|x64.Build.0 = Debug|x64
		{71DCEB2E-2C95-4965-8D03-38EABBC5CA43}.Debug|x86.ActiveCfg = Debug|Win32
		{71DCEB2E-2C95-4965-8D03-38EABBC5CA43}.Debug|x86.Build.0 = Debug|Win32
		{71DCEB2E-2C95-4965-8D03-38EABBC5CA43}.Release|x64.ActiveCfg = Release|x64
		{71DCEB2E-2C95-4965-8D03-38EABBC5CA43}.Release|x64.Build.0 = Release|x64
		{71DCEB2E-2C95-4965-8D03-38EABBC5CA43}.Release|x86.ActiveCfg = Release|Win32
		{71DCEB2E-2C95-4965-8D03-38EABBC5CA43}.Release|x86.Build.0 = Release|Win32
		{664673FE-BF5B-45FD-B1BC-0B3E8AD6D3A3}.Debug|x64.ActiveCfg = Debug|x64
		{664673FE-BF5B-45FD-B1BC-0B3E8AD6D3A3}.Debug|x64.Build.0 = Debug|x64
		{664673FE-BF5B-45FD-B1BC-0B3E8AD6D3A3}.Debug|x86.ActiveCfg = Debug|Win32
		{664673FE-BF5B-45FD-B1BC-0B3E8AD6D3A3}.Debug|x86.Build.0 = Debug|Win32
		{664673FE-BF5B-45FD-B1BC-0B3E8AD6D3A3}.Release|x64.ActiveCfg = Release|x64
		{664673FE-BF5B-45FD-B1BC-0B3E8AD6D3A3}.Release|x64.Build.0 = Release|x64
		{664673FE-BF5B-45FD-B1BC-0B3E8AD6D3A3}.Release|x86.ActiveCfg = Release|Win32
		{664673FE-BF5B-45FD-B1BC-0B3E8AD6D3A3}.Release|x86.Build.0 = Release|Win32
		{5F852D28-8185-48EB-88F0-4777A4F887BE}.Debug|x64.ActiveCfg = Debug|x64
		{5F852D28-8185-48EB-88F0-4777A4F887BE}.Debug|x64.Build.0 = Debug|x64
		{5F852D28-8185-48EB-88F0-4777A4F887BE}.Debug|x86.ActiveCfg = Debug|Win32
		{5F852D28-8185-48EB-88F0-4777A4F887BE}.Debug|x86.Build.0 = Debug|Win32
		{5F852D28-8185-48EB-88F0-4777A4F887BE}.Release|x64.ActiveCfg = Release|x64
		{5F852D28-8185-48EB-88F0-4777A4F887BE}.Release|x64.Build.0 = Release|x64
		{5F852D28-8185-48EB-88F0-4777A4F887BE}.Release|x86.ActiveCfg = Release|Win32
		{5F852D28-8185-48EB-88F0-4777A4F887BE}.Release|x86.Build.0 = Release|Win32
	EndGlobalSection
	GlobalSection(SolutionProperties) = preSolution
		HideSolutionNode = FALSE
	EndGlobalSection
	GlobalSection(ExtensibilityGlobals) = postSolution
		SolutionGuid = {F567D743-D876-496C-9A49-7FBBACE557D9}
	EndGlobalSection
EndGlobal
